
Microsoft Visual Studio Solution File, Format Version 12.00
# Visual Studio Version 17
VisualStudioVersion = 17.14.36623.8
MinimumVisualStudioVersion = 10.0.40219.1
Project("{FAE04EC0-301F-11D3-BF4B-00C04F79EFBC}") = "Bank", "Bank\Bank.csproj", "{3D657D66-78D9-4704-A171-3CDE6DF10C1B}"
EndProject
Project("{FAE04EC0-301F-11D3-BF4B-00C04F79EFBC}") = "BankTests", "BankTests\BankTests.csproj", "{62C61B55-0D61-4F1C-8584-1FD451C5159C}"
	ProjectSection(ProjectDependencies) = postProject
		{3D657D66-78D9-4704-A171-3CDE6DF10C1B} = {3D657D66-78D9-4704-A171-3CDE6DF10C1B}
	EndProjectSection
EndProject
Global
	GlobalSection(SolutionConfigurationPlatforms) = preSolution
		Debug|Any CPU = Debug|Any CPU
		Release|Any CPU = Release|Any CPU
	EndGlobalSection
	GlobalSection(ProjectConfigurationPlatforms) = postSolution
		{3D657D66-78D9-4704-A171-3CDE6DF10C1B}.Debug|Any CPU.ActiveCfg = Debug|Any CPU
		{3D657D66-78D9-4704-A171-3CDE6DF10C1B}.Debug|Any CPU.Build.0 = Debug|Any CPU
		{3D657D66-78D9-4704-A171-3CDE6DF10C1B}.Release|Any CPU.ActiveCfg = Release|Any CPU
		{3D657D66-78D9-4704-A171-3CDE6DF10C1B}.Release|Any CPU.Build.0 = Release|Any CPU
		{62C61B55-0D61-4F1C-8584-1FD451C5159C}.Debug|Any CPU.ActiveCfg = Debug|Any CPU
		{62C61B55-0D61-4F1C-8584-1FD451C5159C}.Debug|Any CPU.Build.0 = Debug|Any CPU
		{62C61B55-0D61-4F1C-8584-1FD451C5159C}.Release|Any CPU.ActiveCfg = Release|Any CPU
		{62C61B55-0D61-4F1C-8584-1FD451C5159C}.Release|Any CPU.Build.0 = Release|Any CPU
	EndGlobalSection
	GlobalSection(SolutionProperties) = preSolution
		HideSolutionNode = FALSE
	EndGlobalSection
	GlobalSection(ExtensibilityGlobals) = postSolution
		SolutionGuid = {CAC2C42F-376E-4C4D-8D2E-936B096AD85D}
	EndGlobalSection
EndGlobal
